
Microsoft Visual Studio Solution File, Format Version 12.00
# Visual Studio Version 17
VisualStudioVersion = 17.14.36623.8 d17.14
MinimumVisualStudioVersion = 10.0.40219.1
Project("{888888A0-9F3D-457C-B088-3A5042F75D52}") = "Night_at_Museum", "Night_at_Museum.pyproj", "{E9BC8B3C-7925-428C-8529-3F90FDE07C2F}"
EndProject
Global
	GlobalSection(SolutionConfigurationPlatforms) = preSolution
		Debug|Any CPU = Debug|Any CPU
		Release|Any CPU = Release|Any CPU
	EndGlobalSection
	GlobalSection(ProjectConfigurationPlatforms) = postSolution
		{E9BC8B3C-7925-428C-8529-3F90FDE07C2F}.Debug|Any CPU.ActiveCfg = Debug|Any CPU
		{E9BC8B3C-7925-428C-8529-3F90FDE07C2F}.Release|Any CPU.ActiveCfg = Release|Any CPU
	EndGlobalSection
	GlobalSection(SolutionProperties) = preSolution
		HideSolutionNode = FALSE
	EndGlobalSection
	GlobalSection(ExtensibilityGlobals) = postSolution
		SolutionGuid = {B8E19FEC-8FE4-4A94-A399-30D11AE0AA03}
	EndGlobalSection
EndGlobal
